
Microsoft Visual Studio Solution File, Format Version 12.00
# Visual Studio Version 16
VisualStudioVersion = 16.0.34407.143
MinimumVisualStudioVersion = 10.0.40219.1
Project("{FAE04EC0-301F-11D3-BF4B-00C04F79EFBC}") = "holaMundo", "holaMundo\holaMundo.csproj", "{40BD3C5F-8264-455B-9162-1F9B6DBD1C67}"
EndProject
Global
	GlobalSection(SolutionConfigurationPlatforms) = preSolution
		Debug|Any CPU = Debug|Any CPU
		Release|Any CPU = Release|Any CPU
	EndGlobalSection
	GlobalSection(ProjectConfigurationPlatforms) = postSolution
		{40BD3C5F-8264-455B-9162-1F9B6DBD1C67}.Debug|Any CPU.ActiveCfg = Debug|Any CPU
		{40BD3C5F-8264-455B-9162-1F9B6DBD1C67}.Debug|Any CPU.Build.0 = Debug|Any CPU
		{40BD3C5F-8264-455B-9162-1F9B6DBD1C67}.Release|Any CPU.ActiveCfg = Release|Any CPU
		{40BD3C5F-8264-455B-9162-1F9B6DBD1C67}.Release|Any CPU.Build.0 = Release|Any CPU
	EndGlobalSection
	GlobalSection(SolutionProperties) = preSolution
		HideSolutionNode = FALSE
	EndGlobalSection
	GlobalSection(ExtensibilityGlobals) = postSolution
		SolutionGuid = {2C83CC92-50D4-4255-8679-E661B64C2C50}
	EndGlobalSection
EndGlobal
